{
    "_meta": {
        "hash": {
            "sha256": "422f28fc41f095a63f198b67d3e8f72ac7da491817be08d3008711cbd0ece6b2"
        },
        "pipfile-spec": 6,
        "requires": {
            "python_version": "3.9"
        },
        "sources": [
            {
                "name": "pypi",
                "url": "https://pypi.org/simple",
                "verify_ssl": true
            }
        ]
    },
    "default": {
        "attrs": {
            "hashes": [
                "sha256:2d27e3784d7a565d36ab851fe94887c5eccd6a463168875832a1be79c82828b4",
                "sha256:626ba8234211db98e869df76230a137c4c40a12d72445c45d5f5b716f076e2fd"
            ],
            "markers": "python_version >= '2.7' and python_version not in '3.0, 3.1, 3.2, 3.3, 3.4'",
            "version": "==21.4.0"
        },
        "aws-cdk.assertions": {
            "hashes": [
                "sha256:10879f7017aae14e523fec3f5fdf8fa3859e6e438914d61f6ac4eb87f7b77eaa",
                "sha256:a2615be264679441935513214e62f3905b6cbe3623dad8d9a7867f63a7232563"
            ],
            "index": "pypi",
            "version": "==1.135.0"
        },
        "aws-cdk.assets": {
            "hashes": [
                "sha256:0c5eda2c19a6862e6e15dca9c3ca95b4e4792095be9afa5e86e7f1888fa83cb7",
                "sha256:8228dba308b66ea1b9a1d4daa235403222a779cf31894ad3ecd88f07efc281eb"
            ],
            "markers": "python_version >= '3.6'",
            "version": "==1.135.0"
        },
        "aws-cdk.aws-acmpca": {
            "hashes": [
                "sha256:75e4c8eb4cfe9c9e5eda796d6fad85b7035ddf78a9c6d35b97dfb6eab8f2b872",
                "sha256:7c2589002a1515cf41cdac8f1920a1445a5d08ef06cc1001383040c1c100c2b9"
            ],
            "markers": "python_version >= '3.6'",
            "version": "==1.135.0"
        },
        "aws-cdk.aws-apigateway": {
            "hashes": [
                "sha256:2159159f15375efc83badc76588552c08cae805487dc4a9627e10e5d5edb5921",
                "sha256:9dbeec9cc925eabb5c3e05d29b1b6d34ee0d82574240f84e67527310d2028f29"
            ],
            "markers": "python_version >= '3.6'",
            "version": "==1.135.0"
        },
        "aws-cdk.aws-apigatewayv2": {
            "hashes": [
                "sha256:4b8be237e5f8b9a5c65e7d5de682a4e4b4ac88a8cdf36329d284e292505d8c10",
                "sha256:e71e4b5a1557dacd8b50f043c399864b9b80c22f57226c80f654bdf32e2973dc"
            ],
            "index": "pypi",
            "version": "==1.135.0"
        },
        "aws-cdk.aws-apigatewayv2-integrations": {
            "hashes": [
                "sha256:17b76ab3e32f8ae82ff397b3c529c4809bc1a03a6dab72ecd0f0e272f4b16ce5",
                "sha256:98489a7a0961a4d42a533f84e0e06c6b3b3bac6ea81dba0d1d0dba6f9b00e597"
            ],
            "index": "pypi",
            "version": "==1.135.0"
        },
        "aws-cdk.aws-applicationautoscaling": {
            "hashes": [
                "sha256:067cb3027aa42043fcb23b8f19b0744643f1e335917e8f91d0e3f430b31da474",
                "sha256:fa7aea1dcfe8d3b9166d3265b9ed87609d119d8057f5bf48dd39132b657c6db2"
            ],
            "markers": "python_version >= '3.6'",
            "version": "==1.135.0"
        },
        "aws-cdk.aws-autoscaling": {
            "hashes": [
                "sha256:7d1fb46b8567d0bcb53b5f16b04e7fe890bcf25de8fa6344b5b566c6e7db4312",
                "sha256:9639bb44d4601cd60f732f7e4c65f579f42d47e118e5af72a8312a8e96a6b223"
            ],
            "markers": "python_version >= '3.6'",
            "version": "==1.135.0"
        },
        "aws-cdk.aws-autoscaling-common": {
            "hashes": [
                "sha256:15183fc67eb6eb6f14365512fdfab4f001731c2e5f3ac9d8173e0b7dd4235663",
                "sha256:b4d8278bb63b315ab33becc2463496a06e57fbbfcd58632ba57de1a5ac39d61a"
            ],
            "markers": "python_version >= '3.6'",
            "version": "==1.135.0"
        },
        "aws-cdk.aws-autoscaling-hooktargets": {
            "hashes": [
                "sha256:334069ab8690baf1352173338f1a6f35fc216fe51706921a23be70cff37dae85",
                "sha256:bcb29f11600b68c34b79fccef38919a8ba7cf99868da2d71d0c326e0c7adc77b"
            ],
            "markers": "python_version >= '3.6'",
            "version": "==1.135.0"
        },
        "aws-cdk.aws-certificatemanager": {
            "hashes": [
                "sha256:99c967c2b830c5be996bd1495fac0dcb9d986aa6591b607361dc1d2773b3b920",
                "sha256:dc324d551ed8e0dc35a57cf4002a32ef054070b75c3fd9fdc9787b447e7db33c"
            ],
            "index": "pypi",
            "version": "==1.135.0"
        },
        "aws-cdk.aws-cloudformation": {
            "hashes": [
                "sha256:2371dfab4c3792cf9c148107c389e532ad20d8fc6e7e85528a3e74f0e01e7ab0",
                "sha256:3b4bde71de677f68ac766582a77800cc77087c6854e1189689a2c0b49c61f1e4"
            ],
            "markers": "python_version >= '3.6'",
            "version": "==1.135.0"
        },
        "aws-cdk.aws-cloudfront": {
            "hashes": [
                "sha256:4bdc4410fa412bf27106bce3c0e0d98c095995e634f070e90a641acc10b4a6fa",
                "sha256:e593e432aa4290ee45360635b783073b4e2be43f581b6d0c62ea1f5cdbff0dcb"
            ],
            "index": "pypi",
            "version": "==1.135.0"
        },
        "aws-cdk.aws-cloudfront-origins": {
            "hashes": [
                "sha256:4f872d2f28608949132fd873f32182783893b7724562567ee75420c3fba3cac5",
                "sha256:939001cf04e42aff0757e72caf3aabeda68a3c6a66dc92b6a8ac2358a338fcda"
            ],
            "index": "pypi",
            "version": "==1.135.0"
        },
        "aws-cdk.aws-cloudwatch": {
            "hashes": [
                "sha256:4d634406ef3336895f440c5989724d23029e5b5708822200217f21ea1e6b1f1c",
                "sha256:d8034000c809a15241a9b66c1989010ca56722d092924673cb0670eea554501f"
            ],
            "markers": "python_version >= '3.6'",
            "version": "==1.135.0"
        },
        "aws-cdk.aws-codebuild": {
            "hashes": [
                "sha256:4401e3cdf9d1cb738b85fc34fc5326cfe4ea03570c8dc241727388ef18b31acf",
                "sha256:c9e2448df1b6f893aab6791e4a46f1d5150c05c50492a136150dbc75c6b2f0e9"
            ],
            "markers": "python_version >= '3.6'",
            "version": "==1.135.0"
        },
        "aws-cdk.aws-codecommit": {
            "hashes": [
                "sha256:5b648cdde20012ffece08295c389a187a6bac170bd6518714f44cde18f3ff568",
                "sha256:a02f5f72aa7ae356d208c03200e5c303c6f9a0abb546f8a71af9122e4db51eca"
            ],
            "markers": "python_version >= '3.6'",
            "version": "==1.135.0"
        },
        "aws-cdk.aws-codeguruprofiler": {
            "hashes": [
                "sha256:8c2da4ff133d0456ccf7a67999d32adf4cdef3df76584640db9bd9c8065bc056",
                "sha256:e7011ea338ffbe648a514a9dfa2a60ff1067afd44a9d57a439bf2e5b93e3b542"
            ],
            "markers": "python_version >= '3.6'",
            "version": "==1.135.0"
        },
        "aws-cdk.aws-codepipeline": {
            "hashes": [
                "sha256:b02bc3ea37220bdb8e991bcb5c7acc3e5dea21e4370bd728478223e4c9e97108",
                "sha256:bb331e27ac8eec998a344c4f2c35d1be86e4b441e30f04216de50ba28adfd1cf"
            ],
            "markers": "python_version >= '3.6'",
            "version": "==1.135.0"
        },
        "aws-cdk.aws-codestarnotifications": {
            "hashes": [
                "sha256:49aef847c0b6d6a369f03271bbe78bd829f9855f953937a6e04f7cb7b555c665",
                "sha256:d2ff5fe09ecf7c5ac6ba23a951ae1ddf565b3134eab49af20bd846a7b43ee399"
            ],
            "markers": "python_version >= '3.6'",
            "version": "==1.135.0"
        },
        "aws-cdk.aws-cognito": {
            "hashes": [
                "sha256:452475b68bed13a8d3476fcb629d8e2cc11c3516f8c70407f648548878d402d3",
                "sha256:b3b4c9436330624ac8860e0ad64c2e3cce28d5d27706d3e6e5d7637038552019"
            ],
            "markers": "python_version >= '3.6'",
            "version": "==1.135.0"
        },
        "aws-cdk.aws-ec2": {
            "hashes": [
                "sha256:8bf407a43477623e526e23099ae4c3dac7feed75c7972b66c69d7c9b8d1253b2",
                "sha256:ba02531f8f0ac05487a8943d6458b8d00b4a2bd1f68b21c49ab148dc7da6d774"
            ],
            "markers": "python_version >= '3.6'",
            "version": "==1.135.0"
        },
        "aws-cdk.aws-ecr": {
            "hashes": [
                "sha256:577b9730d9a253a2c9291169ebaf2e50f5a3195f715fea47a39ddbd71862abe8",
                "sha256:b063c4f9d5f621d7969c0c774b14c854bd265de79c3e50cb8aa1db78d98bdbf8"
            ],
            "markers": "python_version >= '3.6'",
            "version": "==1.135.0"
        },
        "aws-cdk.aws-ecr-assets": {
            "hashes": [
                "sha256:5960320ad5e4679217ca6d539cea7670c076fa297e756feb9ae0153c5690e47d",
                "sha256:72e698d743602eb49a60888786b964f73661fa1aae407eb4fb49ff7d94c844f2"
            ],
            "markers": "python_version >= '3.6'",
            "version": "==1.135.0"
        },
        "aws-cdk.aws-ecs": {
            "hashes": [
                "sha256:5c8e821f44e7a1a1953322065f53986f82778ff901f3179b10ae8aa9fe6a1091",
                "sha256:b4f4daf184c6dde460c370bfa5d4b3312dff0410332e706cc91ac27f31842818"
            ],
            "markers": "python_version >= '3.6'",
            "version": "==1.135.0"
        },
        "aws-cdk.aws-efs": {
            "hashes": [
                "sha256:5c4402189781d60f23f617df8fa862da68bdede0749d51fc018a9a820c199d81",
                "sha256:930ea5c6738c69a76a892ad4c78181a2bed5c0bbce6530da3aab6be6c335a98d"
            ],
            "markers": "python_version >= '3.6'",
            "version": "==1.135.0"
        },
        "aws-cdk.aws-elasticloadbalancing": {
            "hashes": [
                "sha256:aa142a3775c95746e8fda34c696eee8ed43b7bab663ce6e2d419aa49e43823a7",
                "sha256:b6004d5992c7dab070c112edd35a5be477730f9376c949aada6c17c58547d14f"
            ],
            "markers": "python_version >= '3.6'",
            "version": "==1.135.0"
        },
        "aws-cdk.aws-elasticloadbalancingv2": {
            "hashes": [
                "sha256:247f524a6e554ad10e7bb2ace80a57afa2abae392a16c2ee3adc286a150e1c26",
                "sha256:9b7b45f7ce40c5a732f1ad8ce09dc04939b3d270d9128f172e330c8de0d0f9f9"
            ],
            "markers": "python_version >= '3.6'",
            "version": "==1.135.0"
        },
        "aws-cdk.aws-events": {
            "hashes": [
                "sha256:49845fc16a97ff0a4be6586328ce33a7ce6ad3932fdb3a8879ee18976af3dcac",
                "sha256:969bc67a8d141c4bbfbe0f8fb17b8419110cd5471c4032236ce392c7fb71fc91"
            ],
            "index": "pypi",
            "version": "==1.135.0"
        },
        "aws-cdk.aws-events-targets": {
            "hashes": [
                "sha256:12e59bdad1c3c965301eebbc799b8b5125a58f0f90f929fd78ad0f21193b3dd1",
                "sha256:dbb3ef7a9a18e217ed71ac41be52802f969a7f961bbfedebd579e456ed438718"
            ],
            "index": "pypi",
            "version": "==1.135.0"
        },
        "aws-cdk.aws-globalaccelerator": {
            "hashes": [
                "sha256:b04ff5c00ebd466e0de053524df034e4655f71604bbb45579b44a52048c57633",
                "sha256:f76d556a5f41e570b1a28f3a688dbf343dcf1bfceee10429bfc980df46e61214"
            ],
            "markers": "python_version >= '3.6'",
            "version": "==1.135.0"
        },
        "aws-cdk.aws-iam": {
            "hashes": [
                "sha256:81754e69f457b1fd5621172310c0c24d3864b73711214e129e326e3c23a81cc4",
                "sha256:f8944826e68c79b989dff7faa6c6a31368a2c706aeeda2991d7d50a50444fc57"
            ],
            "index": "pypi",
            "version": "==1.135.0"
        },
        "aws-cdk.aws-kinesis": {
            "hashes": [
                "sha256:42b4e0a849c99f69839919b19e234069edb17ef6ab94767748e50c3af9bc0b64",
                "sha256:d07ca3d84bcda19c15515075880bbf1458a263544132a0b888f84fd4429e2453"
            ],
            "markers": "python_version >= '3.6'",
            "version": "==1.135.0"
        },
        "aws-cdk.aws-kinesisfirehose": {
            "hashes": [
                "sha256:917d2f93cf8a45e75a146858769917e0c3e216273cb8c95d810403c04ef24a47",
                "sha256:afd5c8faf9e829f9b30134562c07901694032038b9ec35b66e828391373a7ae6"
            ],
            "markers": "python_version >= '3.6'",
            "version": "==1.135.0"
        },
        "aws-cdk.aws-kms": {
            "hashes": [
                "sha256:81a84d5305f6b2d611d75f922d64c1d5f93204232f014c34a502d9bb62d4497c",
                "sha256:ef01cc964249f19bedeb97d5fbc50bf8721edc0b7870bd6067bf2928fdc93407"
            ],
            "markers": "python_version >= '3.6'",
            "version": "==1.135.0"
        },
        "aws-cdk.aws-lambda": {
            "hashes": [
                "sha256:52d7b5df46cc990b6a183d933efbd62c6685d2b824a4c13fce5dda7dec7bb397",
                "sha256:69ad507f3e51bcec14935ba9f99975ced61d670e821f90eb9c2816465808e97d"
            ],
            "index": "pypi",
            "version": "==1.135.0"
        },
        "aws-cdk.aws-logs": {
            "hashes": [
                "sha256:b4d0ccc2d327375c9f8e8b2f1e375399520f5a165be688469b0b5609409dc2cd",
                "sha256:e6f6cb8dbf97a4cbbf5e93e086ee3597df42644a77e0c0ed6f526e553a9a4641"
            ],
            "markers": "python_version >= '3.6'",
            "version": "==1.135.0"
        },
        "aws-cdk.aws-route53": {
            "hashes": [
                "sha256:6819e19537f6dcd953bb3583231305f9f54b8443320ff4ce4da7c418c2a8f585",
                "sha256:c3c11d8e858c79f8395d31cc16b6b676e87e646a95dfc768ca327f85fa7c9e12"
            ],
            "markers": "python_version >= '3.6'",
            "version": "==1.135.0"
        },
        "aws-cdk.aws-route53-targets": {
            "hashes": [
                "sha256:3267eed1ef8cf2fd207dae052ba8a718eb2f68b6985df770f0be6651f9763311",
                "sha256:7945fb11ba19505fcb7991100f8dc414e8503d226b99df0fa093657ce7b166c6"
            ],
            "markers": "python_version >= '3.6'",
            "version": "==1.135.0"
        },
        "aws-cdk.aws-s3": {
            "hashes": [
                "sha256:2dae18fdf093d608f22740fcc78fa426544280a23915bda4488f2966ab2a4465",
                "sha256:f19833c708b4fad6b946b1ee79cb0a230fc708e5441a5958234b4d1fb88949a3"
            ],
            "index": "pypi",
            "version": "==1.135.0"
        },
        "aws-cdk.aws-s3-assets": {
            "hashes": [
                "sha256:1dc91fd95b392f72792b9557da5f56787bb8e837d125c7bc00d2d5678872ba9d",
                "sha256:c400ba52e5f3c712a717068ce87990faf6073f3c4339b143341d217565cfbf13"
            ],
            "index": "pypi",
            "version": "==1.135.0"
        },
        "aws-cdk.aws-sam": {
            "hashes": [
                "sha256:e1086dfff8b8302fedca14f179b1abe4e4e2cf8daec062416cf6ecd1339c01cd",
                "sha256:f4e490559447eb7054cd3d4048d881f9b34167089c91435571d3a01bd4ddccaa"
            ],
            "markers": "python_version >= '3.6'",
            "version": "==1.135.0"
        },
        "aws-cdk.aws-secretsmanager": {
            "hashes": [
                "sha256:a3a266c0c0c8541834d7bf9138a9f8bd26f74736343b01bb164f0b1241259876",
                "sha256:fc76f6fcafbfc6cf96a4381c770a3860dfe3bd62594e28f4cd0c7bfe59b759c4"
            ],
            "markers": "python_version >= '3.6'",
            "version": "==1.135.0"
        },
        "aws-cdk.aws-servicediscovery": {
            "hashes": [
                "sha256:3003f4bd0d848cc64cfd966f28f9dc7fa89e28cfade6d5a9a3f0cceeabea8378",
                "sha256:a4f2801b876c802781115257479709b6ef86b04e61e647e7047e2a6390c822cb"
            ],
            "markers": "python_version >= '3.6'",
            "version": "==1.135.0"
        },
        "aws-cdk.aws-signer": {
            "hashes": [
                "sha256:0a7e4d732f7222ee31f0f35c346af653c15ec2e1a6b69951a5cdca8d0e72cb14",
                "sha256:84476110faadfd8d6752ca6fd5a8e7b74b5a6c2ae85e86a9ee6b97b65f1d7e65"
            ],
            "markers": "python_version >= '3.6'",
            "version": "==1.135.0"
        },
        "aws-cdk.aws-sns": {
            "hashes": [
                "sha256:9bed5a82265122a9d55e69fb333121d8c91c50607e3778670cad9b44668d5ab0",
                "sha256:af9393e23dc2882a23b3230e1cecbb40f24334d2f1e9bbb0de9f38f6dcc39dc6"
            ],
            "markers": "python_version >= '3.6'",
            "version": "==1.135.0"
        },
        "aws-cdk.aws-sns-subscriptions": {
            "hashes": [
                "sha256:437b14795c661adcbda3022eedf5c8116c77f342d7b36f3ae9c0aeb25a6cd012",
                "sha256:66662aefdf20ff347e42e9c467d1953fdda08a1e876655c879536f5bfc783b01"
            ],
            "markers": "python_version >= '3.6'",
            "version": "==1.135.0"
        },
        "aws-cdk.aws-sqs": {
            "hashes": [
                "sha256:597567777f3099ab4b0a683a54b5e6fda0ac2af6f8b7f181722d04a95ac9ac3d",
                "sha256:92775f23537ad43dd65a00a4b12618174be66ce1cc8c13e03f8b8a5520645be9"
            ],
            "markers": "python_version >= '3.6'",
            "version": "==1.135.0"
        },
        "aws-cdk.aws-ssm": {
            "hashes": [
                "sha256:b3489290d1a3ed5de260e40be505b4c69dda65832d4eb08fee2b858119d053a5",
                "sha256:f36cf3d9c0223037e8745157fef0fedd0a26264458baa69dcd107d96eb3c27be"
            ],
            "markers": "python_version >= '3.6'",
            "version": "==1.135.0"
        },
        "aws-cdk.aws-stepfunctions": {
            "hashes": [
                "sha256:2012f55b21541797c8dc16f6674d4dc1170943200a2cefc4d639b8063af51b98",
                "sha256:573ab332b6f9c63bb6ae6e04d57e1439657f09b02997844722097fb28a9ead99"
            ],
            "markers": "python_version >= '3.6'",
            "version": "==1.135.0"
        },
        "aws-cdk.cloud-assembly-schema": {
            "hashes": [
                "sha256:43f4e30f82bc1546ae3ad1050d0563ed80b7310b512aaf0c862bb37d6ff3d650",
                "sha256:4fe6f7192ce68672637f3f02868e94077ac96e8c2ef82c8d08d55a988335c2f2"
            ],
            "markers": "python_version >= '3.6'",
            "version": "==1.135.0"
        },
        "aws-cdk.core": {
            "hashes": [
                "sha256:b984fc719a3b9fc7dac9ee961efbc3f723daeaadd135eb179aebffaac9dbba7c",
                "sha256:d70f528b3fe5d6f27133a8811c7f8262f94f12418618611f88b02a8140e17f32"
            ],
            "index": "pypi",
            "version": "==1.135.0"
        },
        "aws-cdk.custom-resources": {
            "hashes": [
                "sha256:0574956abaa85841704c489010a17bfd0d9eff8e0ae90a95c155d773ae4631eb",
                "sha256:2bd319ba8b1be73f93dcec8783bacbe5c637d9153e94ec51e3cc07348ab44716"
            ],
            "markers": "python_version >= '3.6'",
            "version": "==1.135.0"
        },
        "aws-cdk.cx-api": {
            "hashes": [
                "sha256:23d823df5068adf5ad6de2a2ee28b9fc39c40b643f8b16bc7ad294dda57ecd7a",
                "sha256:e11c8de63d72906c8dadc992c7632ec9f7646462c156334c190754465e8bda56"
            ],
            "markers": "python_version >= '3.6'",
            "version": "==1.135.0"
        },
        "aws-cdk.region-info": {
            "hashes": [
                "sha256:1ff4ac0cc7c8d3eba1f4727b862a0b5a7d565f4332e6eec9a1620993c3f5aad4",
                "sha256:a19d23938dcd17c156090ef4bf3a900575560917dd5d6b4c7efb8df8c19ec506"
            ],
            "markers": "python_version >= '3.6'",
            "version": "==1.135.0"
        },
        "cattrs": {
            "hashes": [
                "sha256:211800f725cdecedcbcf4c753bbd22d248312b37d130f06045434acb7d9b34e1",
                "sha256:35dd9063244263e63bd0bd24ea61e3015b00272cead084b2c40d788b0f857c46"
            ],
            "markers": "python_version >= '3.7'",
            "version": "==1.10.0"
        },
        "certifi": {
            "hashes": [
                "sha256:78884e7c1d4b00ce3cea67b44566851c4343c120abd683433ce934a68ea58872",
                "sha256:d62a0163eb4c2344ac042ab2bdf75399a71a2d8c7d47eac2e2ee91b9d6339569"
            ],
            "version": "==2021.10.8"
        },
        "charset-normalizer": {
            "hashes": [
                "sha256:2857e29ff0d34db842cd7ca3230549d1a697f96ee6d3fb071cfa6c7393832597",
                "sha256:6881edbebdb17b39b4eaaa821b438bf6eddffb4468cf344f09f89def34a8b1df"
            ],
            "markers": "python_version >= '3'",
            "version": "==2.0.12"
        },
        "constructs": {
            "hashes": [
                "sha256:5e84eedacab17e0501085b898b41bf77120ae4f0342c74792b13c8643f74c779",
                "sha256:dea54a9fb376f7a8cd4bdae2983bcaf30fcc05999b1538966fd487e0d9dae60f"
            ],
            "markers": "python_version >= '3.6'",
            "version": "==3.3.254"
        },
        "idna": {
            "hashes": [
                "sha256:84d9dd047ffa80596e0f246e2eab0b391788b0503584e8945f2368256d2735ff",
                "sha256:9d643ff0a55b762d5cdb124b8eaa99c66322e2157b69160bc32796e824360e6d"
            ],
            "markers": "python_version >= '3'",
            "version": "==3.3"
        },
        "iniconfig": {
            "hashes": [
                "sha256:011e24c64b7f47f6ebd835bb12a743f2fbe9a26d4cecaa7f53bc4f35ee9da8b3",
                "sha256:bc3af051d7d14b2ee5ef9969666def0cd1a000e121eaea580d4a313df4b37f32"
            ],
            "version": "==1.1.1"
        },
        "jsii": {
            "hashes": [
                "sha256:1b735bb3ebcebaff02193c8bfbd8760f59bbed32ba38455557fb2ba16f9f97f1",
                "sha256:251db2cc04a7bcb10e3ec9b1831153b02e920c0c9279ee76d91172d8e2130c44"
            ],
            "markers": "python_version ~= '3.6'",
            "version": "==1.55.1"
        },
        "packaging": {
            "hashes": [
                "sha256:dd47c42927d89ab911e606518907cc2d3a1f38bbd026385970643f9c5b8ecfeb",
                "sha256:ef103e05f519cdc783ae24ea4e2e0f508a9c99b2d4969652eed6a2e1ea5bd522"
            ],
            "markers": "python_version >= '3.6'",
            "version": "==21.3"
        },
        "pluggy": {
            "hashes": [
                "sha256:4224373bacce55f955a878bf9cfa763c1e360858e330072059e10bad68531159",
                "sha256:74134bbf457f031a36d68416e1509f34bd5ccc019f0bcc952c7b909d06b37bd3"
            ],
            "markers": "python_version >= '3.6'",
            "version": "==1.0.0"
        },
        "publication": {
            "hashes": [
                "sha256:0248885351febc11d8a1098d5c8e3ab2dabcf3e8c0c96db1e17ecd12b53afbe6",
                "sha256:68416a0de76dddcdd2930d1c8ef853a743cc96c82416c4e4d3b5d901c6276dc4"
            ],
            "version": "==0.0.3"
        },
        "py": {
            "hashes": [
                "sha256:51c75c4126074b472f746a24399ad32f6053d1b34b68d2fa41e558e6f4a98719",
                "sha256:607c53218732647dff4acdfcd50cb62615cedf612e72d1724fb1a0cc6405b378"
            ],
            "markers": "python_version >= '2.7' and python_version not in '3.0, 3.1, 3.2, 3.3, 3.4'",
            "version": "==1.11.0"
        },
        "pyparsing": {
            "hashes": [
                "sha256:18ee9022775d270c55187733956460083db60b37d0d0fb357445f3094eed3eea",
                "sha256:a6c06a88f252e6c322f65faf8f418b16213b51bdfaece0524c1c1bc30c63c484"
            ],
            "markers": "python_version >= '3.6'",
            "version": "==3.0.7"
        },
        "pytest": {
            "hashes": [
                "sha256:131b36680866a76e6781d13f101efb86cf674ebb9762eb70d3082b6f29889e89",
                "sha256:7310f8d27bc79ced999e760ca304d69f6ba6c6649c0b60fb0e04a4a77cacc134"
            ],
            "index": "pypi",
            "version": "==6.2.5"
        },
        "python-dateutil": {
            "hashes": [
                "sha256:0123cacc1627ae19ddf3c27a5de5bd67ee4586fbdd6440d9748f8abb483d3e86",
                "sha256:961d03dc3453ebbc59dbdea9e4e11c5651520a876d0f4db161e8674aae935da9"
            ],
            "markers": "python_version >= '2.7' and python_version not in '3.0, 3.1, 3.2'",
            "version": "==2.8.2"
        },
        "requests": {
            "hashes": [
                "sha256:68d7c56fd5a8999887728ef304a6d12edc7be74f1cfa47714fc8b414525c9a61",
                "sha256:f22fa1e554c9ddfd16e6e41ac79759e17be9e492b3587efa038054674760e72d"
            ],
            "markers": "python_version >= '2.7' and python_version not in '3.0, 3.1, 3.2, 3.3, 3.4, 3.5'",
            "version": "==2.27.1"
        },
        "requests-mock": {
            "hashes": [
                "sha256:0a2d38a117c08bb78939ec163522976ad59a6b7fdd82b709e23bb98004a44970",
                "sha256:8d72abe54546c1fc9696fa1516672f1031d72a55a1d66c85184f972a24ba0eba"
            ],
            "index": "pypi",
            "version": "==1.9.3"
        },
        "six": {
            "hashes": [
                "sha256:1e61c37477a1626458e36f7b1d82aa5c9b094fa4802892072e49de9c60c4c926",
                "sha256:8abb2f1d86890a2dfb989f9a77cfcfd3e47c2a354b01111771326f8aa26e0254"
            ],
            "markers": "python_version >= '2.7' and python_version not in '3.0, 3.1, 3.2'",
            "version": "==1.16.0"
        },
        "toml": {
            "hashes": [
                "sha256:806143ae5bfb6a3c6e736a764057db0e6a0e05e338b5630894a5f779cabb4f9b",
                "sha256:b3bda1d108d5dd99f4a20d24d9c348e91c4db7ab1b749200bded2f839ccbe68f"
            ],
            "markers": "python_version >= '2.6' and python_version not in '3.0, 3.1, 3.2'",
            "version": "==0.10.2"
        },
        "typing-extensions": {
            "hashes": [
                "sha256:1a9462dcc3347a79b1f1c0271fbe79e844580bb598bafa1ed208b94da3cdcd42",
                "sha256:21c85e0fe4b9a155d0799430b0ad741cdce7e359660ccbd8b530613e8df88ce2"
            ],
            "markers": "python_version >= '3.6'",
            "version": "==4.1.1"
        },
        "urllib3": {
            "hashes": [
                "sha256:44ece4d53fb1706f667c9bd1c648f5469a2ec925fcf3a776667042d645472c14",
                "sha256:aabaf16477806a5e1dd19aa41f8c2b7950dd3c746362d7e3223dbe6de6ac448e"
            ],
            "markers": "python_version >= '2.7' and python_version not in '3.0, 3.1, 3.2, 3.3, 3.4' and python_version < '4'",
            "version": "==1.26.9"
        },
        "urllib3-mock": {
            "hashes": [
                "sha256:702c90042920d771c9902b7b5b542551cc57f259078f4eada47ab4e8cdd11f1a",
                "sha256:b210037029ac96beac4f3e7b54f466c394b060525ea5a824803d5f5ed14558f1"
            ],
            "index": "pypi",
            "version": "==0.3.3"
        }
    },
    "develop": {}
}
